{
  "name": "Practices-Management-System",
  "lockfileVersion": 3,
  "requires": true,
  "packages": {
    "": {
      "dependencies": {
        "@types/nodemailer": "^6.4.7"
      }
    },
    "node_modules/@types/node": {
      "version": "18.16.3",
      "resolved": "https://registry.npmjs.org/@types/node/-/node-18.16.3.tgz",
      "integrity": "sha512-OPs5WnnT1xkCBiuQrZA4+YAV4HEJejmHneyraIaxsbev5yCEr6KMwINNFP9wQeFIw8FWcoTqF3vQsa5CDaI+8Q=="
    },
    "node_modules/@types/nodemailer": {
      "version": "6.4.7",
      "resolved": "https://registry.npmjs.org/@types/nodemailer/-/nodemailer-6.4.7.tgz",
      "integrity": "sha512-f5qCBGAn/f0qtRcd4SEn88c8Fp3Swct1731X4ryPKqS61/A3LmmzN8zaEz7hneJvpjFbUUgY7lru/B/7ODTazg==",
      "dependencies": {
        "@types/node": "*"
      }
    }
  }
}
